
Microsoft Visual Studio Solution File, Format Version 12.00
# Visual Studio 15
VisualStudioVersion = 15.0.27130.2010
MinimumVisualStudioVersion = 10.0.40219.1
Project("{FAE04EC0-301F-11D3-BF4B-00C04F79EFBC}") = "DockerDemoApi", "DockerDemoApi\DockerDemoApi.csproj", "{2D052F4F-A5DB-4206-A711-F49C8DCDEE20}"
EndProject
Global
	GlobalSection(SolutionConfigurationPlatforms) = preSolution
		Debug|Any CPU = Debug|Any CPU
		Release|Any CPU = Release|Any CPU
	EndGlobalSection
	GlobalSection(ProjectConfigurationPlatforms) = postSolution
		{2D052F4F-A5DB-4206-A711-F49C8DCDEE20}.Debug|Any CPU.ActiveCfg = Debug|Any CPU
		{2D052F4F-A5DB-4206-A711-F49C8DCDEE20}.Debug|Any CPU.Build.0 = Debug|Any CPU
		{2D052F4F-A5DB-4206-A711-F49C8DCDEE20}.Release|Any CPU.ActiveCfg = Release|Any CPU
		{2D052F4F-A5DB-4206-A711-F49C8DCDEE20}.Release|Any CPU.Build.0 = Release|Any CPU
	EndGlobalSection
	GlobalSection(SolutionProperties) = preSolution
		HideSolutionNode = FALSE
	EndGlobalSection
	GlobalSection(ExtensibilityGlobals) = postSolution
		SolutionGuid = {30D89489-2AD3-4E18-BB0F-096D1C4FACCC}
	EndGlobalSection
EndGlobal
